
Microsoft Visual Studio Solution File, Format Version 12.00
# Visual Studio Version 17
VisualStudioVersion = 17.1.32421.90
MinimumVisualStudioVersion = 10.0.40219.1
Project("{9092AA53-FB77-4645-B42D-1CCCA6BD08BD}") = "WebNodeExpress", "WebNodeExpress\WebNodeExpress.njsproj", "{53441E1E-0C82-453B-B387-D65D7F03D75F}"
EndProject
Global
	GlobalSection(SolutionConfigurationPlatforms) = preSolution
		Debug|Any CPU = Debug|Any CPU
		Release|Any CPU = Release|Any CPU
	EndGlobalSection
	GlobalSection(ProjectConfigurationPlatforms) = postSolution
		{53441E1E-0C82-453B-B387-D65D7F03D75F}.Debug|Any CPU.ActiveCfg = Debug|Any CPU
		{53441E1E-0C82-453B-B387-D65D7F03D75F}.Debug|Any CPU.Build.0 = Debug|Any CPU
		{53441E1E-0C82-453B-B387-D65D7F03D75F}.Release|Any CPU.ActiveCfg = Release|Any CPU
		{53441E1E-0C82-453B-B387-D65D7F03D75F}.Release|Any CPU.Build.0 = Release|Any CPU
	EndGlobalSection
	GlobalSection(SolutionProperties) = preSolution
		HideSolutionNode = FALSE
	EndGlobalSection
	GlobalSection(ExtensibilityGlobals) = postSolution
		SolutionGuid = {EC9E2D8F-896D-4B36-BC4A-EE485BEAE5CC}
	EndGlobalSection
EndGlobal
